
Microsoft Visual Studio Solution File, Format Version 12.00
# Visual Studio Version 17
VisualStudioVersion = 17.2.32630.192
MinimumVisualStudioVersion = 10.0.40219.1
Project("{9A19103F-16F7-4668-BE54-9A1E7A4F7556}") = "NoteManager", "NoteManager\NoteManager.csproj", "{B32C06B7-E7B2-4137-AED6-B6A6535243CA}"
EndProject
Project("{FAE04EC0-301F-11D3-BF4B-00C04F79EFBC}") = "Database", "Database\Database.csproj", "{B3C03541-22AA-460D-918B-B27AB13DB2EF}"
EndProject
Project("{FAE04EC0-301F-11D3-BF4B-00C04F79EFBC}") = "Database.Test", "Database.Test\Database.Test.csproj", "{7A51980F-76EC-4880-9FC1-F18E9622B525}"
EndProject
Global
	GlobalSection(SolutionConfigurationPlatforms) = preSolution
		Debug|Any CPU = Debug|Any CPU
		Release|Any CPU = Release|Any CPU
	EndGlobalSection
	GlobalSection(ProjectConfigurationPlatforms) = postSolution
		{B32C06B7-E7B2-4137-AED6-B6A6535243CA}.Debug|Any CPU.ActiveCfg = Debug|Any CPU
		{B32C06B7-E7B2-4137-AED6-B6A6535243CA}.Debug|Any CPU.Build.0 = Debug|Any CPU
		{B32C06B7-E7B2-4137-AED6-B6A6535243CA}.Release|Any CPU.ActiveCfg = Release|Any CPU
		{B32C06B7-E7B2-4137-AED6-B6A6535243CA}.Release|Any CPU.Build.0 = Release|Any CPU
		{B3C03541-22AA-460D-918B-B27AB13DB2EF}.Debug|Any CPU.ActiveCfg = Debug|Any CPU
		{B3C03541-22AA-460D-918B-B27AB13DB2EF}.Debug|Any CPU.Build.0 = Debug|Any CPU
		{B3C03541-22AA-460D-918B-B27AB13DB2EF}.Release|Any CPU.ActiveCfg = Release|Any CPU
		{B3C03541-22AA-460D-918B-B27AB13DB2EF}.Release|Any CPU.Build.0 = Release|Any CPU
		{7A51980F-76EC-4880-9FC1-F18E9622B525}.Debug|Any CPU.ActiveCfg = Debug|Any CPU
		{7A51980F-76EC-4880-9FC1-F18E9622B525}.Debug|Any CPU.Build.0 = Debug|Any CPU
		{7A51980F-76EC-4880-9FC1-F18E9622B525}.Release|Any CPU.ActiveCfg = Release|Any CPU
		{7A51980F-76EC-4880-9FC1-F18E9622B525}.Release|Any CPU.Build.0 = Release|Any CPU
	EndGlobalSection
	GlobalSection(SolutionProperties) = preSolution
		HideSolutionNode = FALSE
	EndGlobalSection
	GlobalSection(ExtensibilityGlobals) = postSolution
		SolutionGuid = {980FE4CB-8E6B-4C05-8701-4B9272423F87}
	EndGlobalSection
EndGlobal
